
Microsoft Visual Studio Solution File, Format Version 12.00
# Visual Studio Version 16
VisualStudioVersion = 16.0.29519.87
MinimumVisualStudioVersion = 10.0.40219.1
Project("{FAE04EC0-301F-11D3-BF4B-00C04F79EFBC}") = "Decorator-3", "Decorator-3.csproj", "{C4D75FCD-AFB5-4986-8841-B1D0C101FAF1}"
EndProject
Global
	GlobalSection(SolutionConfigurationPlatforms) = preSolution
		Debug|Any CPU = Debug|Any CPU
		Release|Any CPU = Release|Any CPU
	EndGlobalSection
	GlobalSection(ProjectConfigurationPlatforms) = postSolution
		{C4D75FCD-AFB5-4986-8841-B1D0C101FAF1}.Debug|Any CPU.ActiveCfg = Debug|Any CPU
		{C4D75FCD-AFB5-4986-8841-B1D0C101FAF1}.Debug|Any CPU.Build.0 = Debug|Any CPU
		{C4D75FCD-AFB5-4986-8841-B1D0C101FAF1}.Release|Any CPU.ActiveCfg = Release|Any CPU
		{C4D75FCD-AFB5-4986-8841-B1D0C101FAF1}.Release|Any CPU.Build.0 = Release|Any CPU
	EndGlobalSection
	GlobalSection(SolutionProperties) = preSolution
		HideSolutionNode = FALSE
	EndGlobalSection
	GlobalSection(ExtensibilityGlobals) = postSolution
		SolutionGuid = {24A3E2B1-01C0-4CE8-BF15-E3DC2823ED20}
	EndGlobalSection
EndGlobal
